{
  "name": "shm",
  "version": "1.0.0",
  "lockfileVersion": 2,
  "requires": true,
  "packages": {
    "": {
      "version": "1.0.0",
      "license": "ISC",
      "devDependencies": {
        "openzeppelin-solidity": "^4.3.3"
      }
    },
    "node_modules/openzeppelin-solidity": {
      "version": "4.3.3",
      "resolved": "https://registry.npmjs.org/openzeppelin-solidity/-/openzeppelin-solidity-4.3.3.tgz",
      "integrity": "sha512-/nGPWd19KwX8vfxG0kZLqVDxBtMzcjiN+/6/dfSPaUw2RfRalqAZ/x/Gu8n/dtOcvVf5cQQOodeIgrdwPI+eKw==",
      "deprecated": "This package is now published as @openzeppelin/contracts. Please change your dependency.",
      "dev": true,
      "bin": {
        "openzeppelin-contracts-migrate-imports": "scripts/migrate-imports.js"
      }
    }
  },
  "dependencies": {
    "openzeppelin-solidity": {
      "version": "4.3.3",
      "resolved": "https://registry.npmjs.org/openzeppelin-solidity/-/openzeppelin-solidity-4.3.3.tgz",
      "integrity": "sha512-/nGPWd19KwX8vfxG0kZLqVDxBtMzcjiN+/6/dfSPaUw2RfRalqAZ/x/Gu8n/dtOcvVf5cQQOodeIgrdwPI+eKw==",
      "dev": true
    }
  }
}
